
Microsoft Visual Studio Solution File, Format Version 12.00
# Visual Studio 15
VisualStudioVersion = 15.0.27703.2047
MinimumVisualStudioVersion = 10.0.40219.1
Project("{FAE04EC0-301F-11D3-BF4B-00C04F79EFBC}") = "NET.S.2019.Zhidenko.3", "NET.S.2019.Zhidenko.3\NET.S.2019.Zhidenko.3.csproj", "{8C0B2610-99DA-4282-8C6B-94FC63B50C06}"
EndProject
Project("{FAE04EC0-301F-11D3-BF4B-00C04F79EFBC}") = "NUnitTests", "NUnitTests\NUnitTests.csproj", "{2E740246-3B7D-4C1C-BA98-6304015608F2}"
EndProject
Global
	GlobalSection(SolutionConfigurationPlatforms) = preSolution
		Debug|Any CPU = Debug|Any CPU
		Release|Any CPU = Release|Any CPU
	EndGlobalSection
	GlobalSection(ProjectConfigurationPlatforms) = postSolution
		{8C0B2610-99DA-4282-8C6B-94FC63B50C06}.Debug|Any CPU.ActiveCfg = Debug|Any CPU
		{8C0B2610-99DA-4282-8C6B-94FC63B50C06}.Debug|Any CPU.Build.0 = Debug|Any CPU
		{8C0B2610-99DA-4282-8C6B-94FC63B50C06}.Release|Any CPU.ActiveCfg = Release|Any CPU
		{8C0B2610-99DA-4282-8C6B-94FC63B50C06}.Release|Any CPU.Build.0 = Release|Any CPU
		{2E740246-3B7D-4C1C-BA98-6304015608F2}.Debug|Any CPU.ActiveCfg = Debug|Any CPU
		{2E740246-3B7D-4C1C-BA98-6304015608F2}.Debug|Any CPU.Build.0 = Debug|Any CPU
		{2E740246-3B7D-4C1C-BA98-6304015608F2}.Release|Any CPU.ActiveCfg = Release|Any CPU
		{2E740246-3B7D-4C1C-BA98-6304015608F2}.Release|Any CPU.Build.0 = Release|Any CPU
	EndGlobalSection
	GlobalSection(SolutionProperties) = preSolution
		HideSolutionNode = FALSE
	EndGlobalSection
	GlobalSection(ExtensibilityGlobals) = postSolution
		SolutionGuid = {815384FC-E659-496F-9AA5-6BA2A2794EA6}
	EndGlobalSection
EndGlobal
