
Microsoft Visual Studio Solution File, Format Version 12.00
# Visual Studio 15
VisualStudioVersion = 15.0.27703.2047
MinimumVisualStudioVersion = 10.0.40219.1
Project("{FAE04EC0-301F-11D3-BF4B-00C04F79EFBC}") = "NET.S.2019.Zhidenko.1", "NET.S.2019.Zhidenko.1\NET.S.2019.Zhidenko.1.csproj", "{9AF4C6B1-14B0-4815-9A9F-04AE7061DDE7}"
EndProject
Project("{FAE04EC0-301F-11D3-BF4B-00C04F79EFBC}") = "SortsTests", "SortsTests\SortsTests.csproj", "{FA4DC116-45DF-474E-A584-762EEAC7C154}"
EndProject
Global
	GlobalSection(SolutionConfigurationPlatforms) = preSolution
		Debug|Any CPU = Debug|Any CPU
		Release|Any CPU = Release|Any CPU
	EndGlobalSection
	GlobalSection(ProjectConfigurationPlatforms) = postSolution
		{9AF4C6B1-14B0-4815-9A9F-04AE7061DDE7}.Debug|Any CPU.ActiveCfg = Debug|Any CPU
		{9AF4C6B1-14B0-4815-9A9F-04AE7061DDE7}.Debug|Any CPU.Build.0 = Debug|Any CPU
		{9AF4C6B1-14B0-4815-9A9F-04AE7061DDE7}.Release|Any CPU.ActiveCfg = Release|Any CPU
		{9AF4C6B1-14B0-4815-9A9F-04AE7061DDE7}.Release|Any CPU.Build.0 = Release|Any CPU
		{FA4DC116-45DF-474E-A584-762EEAC7C154}.Debug|Any CPU.ActiveCfg = Debug|Any CPU
		{FA4DC116-45DF-474E-A584-762EEAC7C154}.Debug|Any CPU.Build.0 = Debug|Any CPU
		{FA4DC116-45DF-474E-A584-762EEAC7C154}.Release|Any CPU.ActiveCfg = Release|Any CPU
		{FA4DC116-45DF-474E-A584-762EEAC7C154}.Release|Any CPU.Build.0 = Release|Any CPU
	EndGlobalSection
	GlobalSection(SolutionProperties) = preSolution
		HideSolutionNode = FALSE
	EndGlobalSection
	GlobalSection(ExtensibilityGlobals) = postSolution
		SolutionGuid = {CA0342F4-7075-4FEB-B37B-E0136EC87F0A}
	EndGlobalSection
EndGlobal
